// !$*UTF8*$!
{
	archiveVersion = 1;
	classes = {
	};
	objectVersion = 50;
	objects = {

/* Begin PBXBuildFile section */
		0374E4A222E0784F00AA7943 /* AppDelegate.swift in Sources */ = {isa = PBXBuildFile; fileRef = 0374E4A122E0784F00AA7943 /* AppDelegate.swift */; };
		0374E4A422E0784F00AA7943 /* LoginScreen.swift in Sources */ = {isa = PBXBuildFile; fileRef = 0374E4A322E0784F00AA7943 /* LoginScreen.swift */; };
		0374E4A722E0784F00AA7943 /* Main.storyboard in Resources */ = {isa = PBXBuildFile; fileRef = 0374E4A522E0784F00AA7943 /* Main.storyboard */; };
		0374E4A922E0785100AA7943 /* Assets.xcassets in Resources */ = {isa = PBXBuildFile; fileRef = 0374E4A822E0785100AA7943 /* Assets.xcassets */; };
		0374E4AC22E0785100AA7943 /* LaunchScreen.storyboard in Resources */ = {isa = PBXBuildFile; fileRef = 0374E4AA22E0785100AA7943 /* LaunchScreen.storyboard */; };
		0374E4B622E0ED8D00AA7943 /* PhoneValidationViewController.swift in Sources */ = {isa = PBXBuildFile; fileRef = 0374E4B522E0ED8D00AA7943 /* PhoneValidationViewController.swift */; };
		0374E4B822E0EE6700AA7943 /* VerificationModel.swift in Sources */ = {isa = PBXBuildFile; fileRef = 0374E4B722E0EE6700AA7943 /* VerificationModel.swift */; };
		0374E4BB22E0EFB600AA7943 /* ValidationManager.swift in Sources */ = {isa = PBXBuildFile; fileRef = 0374E4BA22E0EFB600AA7943 /* ValidationManager.swift */; };
		0374E4BE22E0EFF200AA7943 /* VerifyAPI.swift in Sources */ = {isa = PBXBuildFile; fileRef = 0374E4BD22E0EFF200AA7943 /* VerifyAPI.swift */; };
		0374E4C022E0F86E00AA7943 /* Configure.plist in Resources */ = {isa = PBXBuildFile; fileRef = 0374E4BF22E0F86E00AA7943 /* Configure.plist */; };
		5442934A22E5C40500E9EE2E /* CustomCollectionViewCell.swift in Sources */ = {isa = PBXBuildFile; fileRef = 5442934922E5C40500E9EE2E /* CustomCollectionViewCell.swift */; };
		5442934E22E5C4D400E9EE2E /* CustomTableViewCell.swift in Sources */ = {isa = PBXBuildFile; fileRef = 5442934D22E5C4D400E9EE2E /* CustomTableViewCell.swift */; };
		5442935022E5C53000E9EE2E /* HomePageViewController.swift in Sources */ = {isa = PBXBuildFile; fileRef = 5442934F22E5C53000E9EE2E /* HomePageViewController.swift */; };
		5442935222E5E42900E9EE2E /* MenuViewController.swift in Sources */ = {isa = PBXBuildFile; fileRef = 5442935122E5E42900E9EE2E /* MenuViewController.swift */; };
		5442935922E604C000E9EE2E /* CustomTableViewMenuCell.swift in Sources */ = {isa = PBXBuildFile; fileRef = 5442935822E604C000E9EE2E /* CustomTableViewMenuCell.swift */; };
		5442935D22E7101F00E9EE2E /* AboutPageViewController.swift in Sources */ = {isa = PBXBuildFile; fileRef = 5442935C22E7101F00E9EE2E /* AboutPageViewController.swift */; };
		5442936422E72BF800E9EE2E /* CustomNavController.swift in Sources */ = {isa = PBXBuildFile; fileRef = 5442936322E72BF800E9EE2E /* CustomNavController.swift */; };
		5442936622E730D800E9EE2E /* SupportPageViewController.swift in Sources */ = {isa = PBXBuildFile; fileRef = 5442936522E730D800E9EE2E /* SupportPageViewController.swift */; };
		5442936922E748B100E9EE2E /* FAQPageViewController.swift in Sources */ = {isa = PBXBuildFile; fileRef = 5442936822E748B100E9EE2E /* FAQPageViewController.swift */; };
		5442936F22E74B1600E9EE2E /* SupportPage.storyboard in Resources */ = {isa = PBXBuildFile; fileRef = 5442936E22E74B1600E9EE2E /* SupportPage.storyboard */; };
		5442937222E74BD300E9EE2E /* AboutPage.storyboard in Resources */ = {isa = PBXBuildFile; fileRef = 5442937022E74BD300E9EE2E /* AboutPage.storyboard */; };
		5442937422E74C1A00E9EE2E /* ProfilePageViewController.swift in Sources */ = {isa = PBXBuildFile; fileRef = 5442937322E74C1A00E9EE2E /* ProfilePageViewController.swift */; };
		5442937722E74C4800E9EE2E /* ProfilePage.storyboard in Resources */ = {isa = PBXBuildFile; fileRef = 5442937522E74C4800E9EE2E /* ProfilePage.storyboard */; };
/* End PBXBuildFile section */

/* Begin PBXFileReference section */
		0374E49E22E0784F00AA7943 /* sideMenututorial.app */ = {isa = PBXFileReference; explicitFileType = wrapper.application; includeInIndex = 0; path = sideMenututorial.app; sourceTree = BUILT_PRODUCTS_DIR; };
		0374E4A122E0784F00AA7943 /* AppDelegate.swift */ = {isa = PBXFileReference; lastKnownFileType = sourcecode.swift; path = AppDelegate.swift; sourceTree = "<group>"; };
		0374E4A322E0784F00AA7943 /* LoginScreen.swift */ = {isa = PBXFileReference; lastKnownFileType = sourcecode.swift; path = LoginScreen.swift; sourceTree = "<group>"; };
		0374E4A622E0784F00AA7943 /* Base */ = {isa = PBXFileReference; lastKnownFileType = file.storyboard; name = Base; path = Base.lproj/Main.storyboard; sourceTree = "<group>"; };
		0374E4A822E0785100AA7943 /* Assets.xcassets */ = {isa = PBXFileReference; lastKnownFileType = folder.assetcatalog; path = Assets.xcassets; sourceTree = "<group>"; };
		0374E4AB22E0785100AA7943 /* Base */ = {isa = PBXFileReference; lastKnownFileType = file.storyboard; name = Base; path = Base.lproj/LaunchScreen.storyboard; sourceTree = "<group>"; };
		0374E4AD22E0785100AA7943 /* Info.plist */ = {isa = PBXFileReference; lastKnownFileType = text.plist.xml; path = Info.plist; sourceTree = "<group>"; };
		0374E4B522E0ED8D00AA7943 /* PhoneValidationViewController.swift */ = {isa = PBXFileReference; lastKnownFileType = sourcecode.swift; path = PhoneValidationViewController.swift; sourceTree = "<group>"; };
		0374E4B722E0EE6700AA7943 /* VerificationModel.swift */ = {isa = PBXFileReference; lastKnownFileType = sourcecode.swift; path = VerificationModel.swift; sourceTree = "<group>"; };
		0374E4BA22E0EFB600AA7943 /* ValidationManager.swift */ = {isa = PBXFileReference; lastKnownFileType = sourcecode.swift; path = ValidationManager.swift; sourceTree = "<group>"; };
		0374E4BD22E0EFF200AA7943 /* VerifyAPI.swift */ = {isa = PBXFileReference; lastKnownFileType = sourcecode.swift; path = VerifyAPI.swift; sourceTree = "<group>"; };
		0374E4BF22E0F86E00AA7943 /* Configure.plist */ = {isa = PBXFileReference; lastKnownFileType = text.plist.xml; path = Configure.plist; sourceTree = "<group>"; };
		5442934922E5C40500E9EE2E /* CustomCollectionViewCell.swift */ = {isa = PBXFileReference; lastKnownFileType = sourcecode.swift; path = CustomCollectionViewCell.swift; sourceTree = "<group>"; };
		5442934D22E5C4D400E9EE2E /* CustomTableViewCell.swift */ = {isa = PBXFileReference; lastKnownFileType = sourcecode.swift; path = CustomTableViewCell.swift; sourceTree = "<group>"; };
		5442934F22E5C53000E9EE2E /* HomePageViewController.swift */ = {isa = PBXFileReference; lastKnownFileType = sourcecode.swift; path = HomePageViewController.swift; sourceTree = "<group>"; };
		5442935122E5E42900E9EE2E /* MenuViewController.swift */ = {isa = PBXFileReference; lastKnownFileType = sourcecode.swift; path = MenuViewController.swift; sourceTree = "<group>"; };
		5442935822E604C000E9EE2E /* CustomTableViewMenuCell.swift */ = {isa = PBXFileReference; lastKnownFileType = sourcecode.swift; path = CustomTableViewMenuCell.swift; sourceTree = "<group>"; };
		5442935C22E7101F00E9EE2E /* AboutPageViewController.swift */ = {isa = PBXFileReference; lastKnownFileType = sourcecode.swift; path = AboutPageViewController.swift; sourceTree = "<group>"; };
		5442936322E72BF800E9EE2E /* CustomNavController.swift */ = {isa = PBXFileReference; lastKnownFileType = sourcecode.swift; path = CustomNavController.swift; sourceTree = "<group>"; };
		5442936522E730D800E9EE2E /* SupportPageViewController.swift */ = {isa = PBXFileReference; lastKnownFileType = sourcecode.swift; path = SupportPageViewController.swift; sourceTree = "<group>"; };
		5442936822E748B100E9EE2E /* FAQPageViewController.swift */ = {isa = PBXFileReference; lastKnownFileType = sourcecode.swift; path = FAQPageViewController.swift; sourceTree = "<group>"; };
		5442936E22E74B1600E9EE2E /* SupportPage.storyboard */ = {isa = PBXFileReference; fileEncoding = 4; lastKnownFileType = file.storyboard; path = SupportPage.storyboard; sourceTree = "<group>"; };
		5442937122E74BD300E9EE2E /* Base */ = {isa = PBXFileReference; lastKnownFileType = file.storyboard; name = Base; path = sideMenututorial/Base.lproj/AboutPage.storyboard; sourceTree = "<group>"; };
		5442937322E74C1A00E9EE2E /* ProfilePageViewController.swift */ = {isa = PBXFileReference; lastKnownFileType = sourcecode.swift; path = ProfilePageViewController.swift; sourceTree = "<group>"; };
		5442937622E74C4800E9EE2E /* Base */ = {isa = PBXFileReference; lastKnownFileType = file.storyboard; name = Base; path = sideMenututorial/Base.lproj/ProfilePage.storyboard; sourceTree = "<group>"; };
/* End PBXFileReference section */

/* Begin PBXFrameworksBuildPhase section */
		0374E49B22E0784F00AA7943 /* Frameworks */ = {
			isa = PBXFrameworksBuildPhase;
			buildActionMask = 2147483647;
			files = (
			);
			runOnlyForDeploymentPostprocessing = 0;
		};
/* End PBXFrameworksBuildPhase section */

/* Begin PBXGroup section */
		0374E49522E0784F00AA7943 = {
			isa = PBXGroup;
			children = (
				5442936322E72BF800E9EE2E /* CustomNavController.swift */,
				5442934C22E5C41E00E9EE2E /* Networking */,
				0374E4BC22E0EFBF00AA7943 /* Managers */,
				0374E4B922E0EF8100AA7943 /* Models */,
				5442935322E5E43900E9EE2E /* View Controllers */,
				0374E4A022E0784F00AA7943 /* sideMenututorial */,
				0374E49F22E0784F00AA7943 /* Products */,
			);
			sourceTree = "<group>";
		};
		0374E49F22E0784F00AA7943 /* Products */ = {
			isa = PBXGroup;
			children = (
				0374E49E22E0784F00AA7943 /* sideMenututorial.app */,
			);
			name = Products;
			sourceTree = "<group>";
		};
		0374E4A022E0784F00AA7943 /* sideMenututorial */ = {
			isa = PBXGroup;
			children = (
				0374E4A322E0784F00AA7943 /* LoginScreen.swift */,
				0374E4B522E0ED8D00AA7943 /* PhoneValidationViewController.swift */,
				0374E4A122E0784F00AA7943 /* AppDelegate.swift */,
				0374E4A822E0785100AA7943 /* Assets.xcassets */,
				0374E4A522E0784F00AA7943 /* Main.storyboard */,
				5442937022E74BD300E9EE2E /* AboutPage.storyboard */,
				5442937522E74C4800E9EE2E /* ProfilePage.storyboard */,
				5442936E22E74B1600E9EE2E /* SupportPage.storyboard */,
				0374E4AA22E0785100AA7943 /* LaunchScreen.storyboard */,
				0374E4AD22E0785100AA7943 /* Info.plist */,
				0374E4BF22E0F86E00AA7943 /* Configure.plist */,
			);
			path = sideMenututorial;
			sourceTree = "<group>";
		};
		0374E4B922E0EF8100AA7943 /* Models */ = {
			isa = PBXGroup;
			children = (
				0374E4B722E0EE6700AA7943 /* VerificationModel.swift */,
			);
			path = Models;
			sourceTree = "<group>";
		};
		0374E4BC22E0EFBF00AA7943 /* Managers */ = {
			isa = PBXGroup;
			children = (
				0374E4BA22E0EFB600AA7943 /* ValidationManager.swift */,
			);
			path = Managers;
			sourceTree = "<group>";
		};
		5442934C22E5C41E00E9EE2E /* Networking */ = {
			isa = PBXGroup;
			children = (
				0374E4BD22E0EFF200AA7943 /* VerifyAPI.swift */,
			);
			path = Networking;
			sourceTree = "<group>";
		};
		5442935322E5E43900E9EE2E /* View Controllers */ = {
			isa = PBXGroup;
			children = (
				5442937822E74C6500E9EE2E /* ProfilePage ViewController */,
				5442936A22E748B900E9EE2E /* FAQPage ViewController */,
				5442936722E730E000E9EE2E /* SupportPage ViewController */,
				5442935E22E7102A00E9EE2E /* AboutPage ViewController */,
				5442935B22E70CE700E9EE2E /* HomePage ViewController */,
				5442935A22E70CA400E9EE2E /* Menu ViewController */,
			);
			path = "View Controllers";
			sourceTree = "<group>";
		};
		5442935A22E70CA400E9EE2E /* Menu ViewController */ = {
			isa = PBXGroup;
			children = (
				5442935122E5E42900E9EE2E /* MenuViewController.swift */,
				5442935822E604C000E9EE2E /* CustomTableViewMenuCell.swift */,
			);
			path = "Menu ViewController";
			sourceTree = "<group>";
		};
		5442935B22E70CE700E9EE2E /* HomePage ViewController */ = {
			isa = PBXGroup;
			children = (
				5442934922E5C40500E9EE2E /* CustomCollectionViewCell.swift */,
				5442934F22E5C53000E9EE2E /* HomePageViewController.swift */,
				5442934D22E5C4D400E9EE2E /* CustomTableViewCell.swift */,
			);
			path = "HomePage ViewController";
			sourceTree = "<group>";
		};
		5442935E22E7102A00E9EE2E /* AboutPage ViewController */ = {
			isa = PBXGroup;
			children = (
				5442935C22E7101F00E9EE2E /* AboutPageViewController.swift */,
			);
			path = "AboutPage ViewController";
			sourceTree = "<group>";
		};
		5442936722E730E000E9EE2E /* SupportPage ViewController */ = {
			isa = PBXGroup;
			children = (
				5442936522E730D800E9EE2E /* SupportPageViewController.swift */,
			);
			path = "SupportPage ViewController";
			sourceTree = "<group>";
		};
		5442936A22E748B900E9EE2E /* FAQPage ViewController */ = {
			isa = PBXGroup;
			children = (
				5442936822E748B100E9EE2E /* FAQPageViewController.swift */,
			);
			path = "FAQPage ViewController";
			sourceTree = "<group>";
		};
		5442937822E74C6500E9EE2E /* ProfilePage ViewController */ = {
			isa = PBXGroup;
			children = (
				5442937322E74C1A00E9EE2E /* ProfilePageViewController.swift */,
			);
			path = "ProfilePage ViewController";
			sourceTree = "<group>";
		};
/* End PBXGroup section */

/* Begin PBXNativeTarget section */
		0374E49D22E0784F00AA7943 /* sideMenututorial */ = {
			isa = PBXNativeTarget;
			buildConfigurationList = 0374E4B022E0785100AA7943 /* Build configuration list for PBXNativeTarget "sideMenututorial" */;
			buildPhases = (
				0374E49A22E0784F00AA7943 /* Sources */,
				0374E49B22E0784F00AA7943 /* Frameworks */,
				0374E49C22E0784F00AA7943 /* Resources */,
			);
			buildRules = (
			);
			dependencies = (
			);
			name = sideMenututorial;
			productName = sideMenututorial;
			productReference = 0374E49E22E0784F00AA7943 /* sideMenututorial.app */;
			productType = "com.apple.product-type.application";
		};
/* End PBXNativeTarget section */

/* Begin PBXProject section */
		0374E49622E0784F00AA7943 /* Project object */ = {
			isa = PBXProject;
			attributes = {
				LastSwiftUpdateCheck = 1010;
				LastUpgradeCheck = 1010;
				ORGANIZATIONNAME = "Jemarl Ebanks";
				TargetAttributes = {
					0374E49D22E0784F00AA7943 = {
						CreatedOnToolsVersion = 10.1;
					};
				};
			};
			buildConfigurationList = 0374E49922E0784F00AA7943 /* Build configuration list for PBXProject "sideMenututorial" */;
			compatibilityVersion = "Xcode 9.3";
			developmentRegion = en;
			hasScannedForEncodings = 0;
			knownRegions = (
				en,
				Base,
			);
			mainGroup = 0374E49522E0784F00AA7943;
			productRefGroup = 0374E49F22E0784F00AA7943 /* Products */;
			projectDirPath = "";
			projectRoot = "";
			targets = (
				0374E49D22E0784F00AA7943 /* sideMenututorial */,
			);
		};
/* End PBXProject section */

/* Begin PBXResourcesBuildPhase section */
		0374E49C22E0784F00AA7943 /* Resources */ = {
			isa = PBXResourcesBuildPhase;
			buildActionMask = 2147483647;
			files = (
				0374E4AC22E0785100AA7943 /* LaunchScreen.storyboard in Resources */,
				0374E4A922E0785100AA7943 /* Assets.xcassets in Resources */,
				0374E4A722E0784F00AA7943 /* Main.storyboard in Resources */,
				5442937722E74C4800E9EE2E /* ProfilePage.storyboard in Resources */,
				5442936F22E74B1600E9EE2E /* SupportPage.storyboard in Resources */,
				0374E4C022E0F86E00AA7943 /* Configure.plist in Resources */,
				5442937222E74BD300E9EE2E /* AboutPage.storyboard in Resources */,
			);
			runOnlyForDeploymentPostprocessing = 0;
		};
/* End PBXResourcesBuildPhase section */

/* Begin PBXSourcesBuildPhase section */
		0374E49A22E0784F00AA7943 /* Sources */ = {
			isa = PBXSourcesBuildPhase;
			buildActionMask = 2147483647;
			files = (
				0374E4BB22E0EFB600AA7943 /* ValidationManager.swift in Sources */,
				5442935222E5E42900E9EE2E /* MenuViewController.swift in Sources */,
				0374E4A422E0784F00AA7943 /* LoginScreen.swift in Sources */,
				5442935022E5C53000E9EE2E /* HomePageViewController.swift in Sources */,
				5442936922E748B100E9EE2E /* FAQPageViewController.swift in Sources */,
				5442935922E604C000E9EE2E /* CustomTableViewMenuCell.swift in Sources */,
				5442934E22E5C4D400E9EE2E /* CustomTableViewCell.swift in Sources */,
				5442937422E74C1A00E9EE2E /* ProfilePageViewController.swift in Sources */,
				0374E4B622E0ED8D00AA7943 /* PhoneValidationViewController.swift in Sources */,
				5442936622E730D800E9EE2E /* SupportPageViewController.swift in Sources */,
				5442935D22E7101F00E9EE2E /* AboutPageViewController.swift in Sources */,
				0374E4BE22E0EFF200AA7943 /* VerifyAPI.swift in Sources */,
				0374E4B822E0EE6700AA7943 /* VerificationModel.swift in Sources */,
				0374E4A222E0784F00AA7943 /* AppDelegate.swift in Sources */,
				5442936422E72BF800E9EE2E /* CustomNavController.swift in Sources */,
				5442934A22E5C40500E9EE2E /* CustomCollectionViewCell.swift in Sources */,
			);
			runOnlyForDeploymentPostprocessing = 0;
		};
/* End PBXSourcesBuildPhase section */

/* Begin PBXVariantGroup section */
		0374E4A522E0784F00AA7943 /* Main.storyboard */ = {
			isa = PBXVariantGroup;
			children = (
				0374E4A622E0784F00AA7943 /* Base */,
			);
			name = Main.storyboard;
			sourceTree = "<group>";
		};
		0374E4AA22E0785100AA7943 /* LaunchScreen.storyboard */ = {
			isa = PBXVariantGroup;
			children = (
				0374E4AB22E0785100AA7943 /* Base */,
			);
			name = LaunchScreen.storyboard;
			sourceTree = "<group>";
		};
		5442937022E74BD300E9EE2E /* AboutPage.storyboard */ = {
			isa = PBXVariantGroup;
			children = (
				5442937122E74BD300E9EE2E /* Base */,
			);
			name = AboutPage.storyboard;
			sourceTree = "<group>";
		};
		5442937522E74C4800E9EE2E /* ProfilePage.storyboard */ = {
			isa = PBXVariantGroup;
			children = (
				5442937622E74C4800E9EE2E /* Base */,
			);
			name = ProfilePage.storyboard;
			sourceTree = "<group>";
		};
/* End PBXVariantGroup section */

/* Begin XCBuildConfiguration section */
		0374E4AE22E0785100AA7943 /* Debug */ = {
			isa = XCBuildConfiguration;
			buildSettings = {
				ALWAYS_SEARCH_USER_PATHS = NO;
				CLANG_ANALYZER_NONNULL = YES;
				CLANG_ANALYZER_NUMBER_OBJECT_CONVERSION = YES_AGGRESSIVE;
				CLANG_CXX_LANGUAGE_STANDARD = "gnu++14";
				CLANG_CXX_LIBRARY = "libc++";
				CLANG_ENABLE_MODULES = YES;
				CLANG_ENABLE_OBJC_ARC = YES;
				CLANG_ENABLE_OBJC_WEAK = YES;
				CLANG_WARN_BLOCK_CAPTURE_AUTORELEASING = YES;
				CLANG_WARN_BOOL_CONVERSION = YES;
				CLANG_WARN_COMMA = YES;
				CLANG_WARN_CONSTANT_CONVERSION = YES;
				CLANG_WARN_DEPRECATED_OBJC_IMPLEMENTATIONS = YES;
				CLANG_WARN_DIRECT_OBJC_ISA_USAGE = YES_ERROR;
				CLANG_WARN_DOCUMENTATION_COMMENTS = YES;
				CLANG_WARN_EMPTY_BODY = YES;
				CLANG_WARN_ENUM_CONVERSION = YES;
				CLANG_WARN_INFINITE_RECURSION = YES;
				CLANG_WARN_INT_CONVERSION = YES;
				CLANG_WARN_NON_LITERAL_NULL_CONVERSION = YES;
				CLANG_WARN_OBJC_IMPLICIT_RETAIN_SELF = YES;
				CLANG_WARN_OBJC_LITERAL_CONVERSION = YES;
				CLANG_WARN_OBJC_ROOT_CLASS = YES_ERROR;
				CLANG_WARN_RANGE_LOOP_ANALYSIS = YES;
				CLANG_WARN_STRICT_PROTOTYPES = YES;
				CLANG_WARN_SUSPICIOUS_MOVE = YES;
				CLANG_WARN_UNGUARDED_AVAILABILITY = YES_AGGRESSIVE;
				CLANG_WARN_UNREACHABLE_CODE = YES;
				CLANG_WARN__DUPLICATE_METHOD_MATCH = YES;
				CODE_SIGN_IDENTITY = "iPhone Developer";
				COPY_PHASE_STRIP = NO;
				DEBUG_INFORMATION_FORMAT = dwarf;
				ENABLE_STRICT_OBJC_MSGSEND = YES;
				ENABLE_TESTABILITY = YES;
				GCC_C_LANGUAGE_STANDARD = gnu11;
				GCC_DYNAMIC_NO_PIC = NO;
				GCC_NO_COMMON_BLOCKS = YES;
				GCC_OPTIMIZATION_LEVEL = 0;
				GCC_PREPROCESSOR_DEFINITIONS = (
					"DEBUG=1",
					"$(inherited)",
				);
				GCC_WARN_64_TO_32_BIT_CONVERSION = YES;
				GCC_WARN_ABOUT_RETURN_TYPE = YES_ERROR;
				GCC_WARN_UNDECLARED_SELECTOR = YES;
				GCC_WARN_UNINITIALIZED_AUTOS = YES_AGGRESSIVE;
				GCC_WARN_UNUSED_FUNCTION = YES;
				GCC_WARN_UNUSED_VARIABLE = YES;
				IPHONEOS_DEPLOYMENT_TARGET = 12.1;
				MTL_ENABLE_DEBUG_INFO = INCLUDE_SOURCE;
				MTL_FAST_MATH = YES;
				ONLY_ACTIVE_ARCH = YES;
				SDKROOT = iphoneos;
				SWIFT_ACTIVE_COMPILATION_CONDITIONS = DEBUG;
				SWIFT_OPTIMIZATION_LEVEL = "-Onone";
			};
			name = Debug;
		};
		0374E4AF22E0785100AA7943 /* Release */ = {
			isa = XCBuildConfiguration;
			buildSettings = {
				ALWAYS_SEARCH_USER_PATHS = NO;
				CLANG_ANALYZER_NONNULL = YES;
				CLANG_ANALYZER_NUMBER_OBJECT_CONVERSION = YES_AGGRESSIVE;
				CLANG_CXX_LANGUAGE_STANDARD = "gnu++14";
				CLANG_CXX_LIBRARY = "libc++";
				CLANG_ENABLE_MODULES = YES;
				CLANG_ENABLE_OBJC_ARC = YES;
				CLANG_ENABLE_OBJC_WEAK = YES;
				CLANG_WARN_BLOCK_CAPTURE_AUTORELEASING = YES;
				CLANG_WARN_BOOL_CONVERSION = YES;
				CLANG_WARN_COMMA = YES;
				CLANG_WARN_CONSTANT_CONVERSION = YES;
				CLANG_WARN_DEPRECATED_OBJC_IMPLEMENTATIONS = YES;
				CLANG_WARN_DIRECT_OBJC_ISA_USAGE = YES_ERROR;
				CLANG_WARN_DOCUMENTATION_COMMENTS = YES;
				CLANG_WARN_EMPTY_BODY = YES;
				CLANG_WARN_ENUM_CONVERSION = YES;
				CLANG_WARN_INFINITE_RECURSION = YES;
				CLANG_WARN_INT_CONVERSION = YES;
				CLANG_WARN_NON_LITERAL_NULL_CONVERSION = YES;
				CLANG_WARN_OBJC_IMPLICIT_RETAIN_SELF = YES;
				CLANG_WARN_OBJC_LITERAL_CONVERSION = YES;
				CLANG_WARN_OBJC_ROOT_CLASS = YES_ERROR;
				CLANG_WARN_RANGE_LOOP_ANALYSIS = YES;
				CLANG_WARN_STRICT_PROTOTYPES = YES;
				CLANG_WARN_SUSPICIOUS_MOVE = YES;
				CLANG_WARN_UNGUARDED_AVAILABILITY = YES_AGGRESSIVE;
				CLANG_WARN_UNREACHABLE_CODE = YES;
				CLANG_WARN__DUPLICATE_METHOD_MATCH = YES;
				CODE_SIGN_IDENTITY = "iPhone Developer";
				COPY_PHASE_STRIP = NO;
				DEBUG_INFORMATION_FORMAT = "dwarf-with-dsym";
				ENABLE_NS_ASSERTIONS = NO;
				ENABLE_STRICT_OBJC_MSGSEND = YES;
				GCC_C_LANGUAGE_STANDARD = gnu11;
				GCC_NO_COMMON_BLOCKS = YES;
				GCC_WARN_64_TO_32_BIT_CONVERSION = YES;
				GCC_WARN_ABOUT_RETURN_TYPE = YES_ERROR;
				GCC_WARN_UNDECLARED_SELECTOR = YES;
				GCC_WARN_UNINITIALIZED_AUTOS = YES_AGGRESSIVE;
				GCC_WARN_UNUSED_FUNCTION = YES;
				GCC_WARN_UNUSED_VARIABLE = YES;
				IPHONEOS_DEPLOYMENT_TARGET = 12.1;
				MTL_ENABLE_DEBUG_INFO = NO;
				MTL_FAST_MATH = YES;
				SDKROOT = iphoneos;
				SWIFT_COMPILATION_MODE = wholemodule;
				SWIFT_OPTIMIZATION_LEVEL = "-O";
				VALIDATE_PRODUCT = YES;
			};
			name = Release;
		};
		0374E4B122E0785100AA7943 /* Debug */ = {
			isa = XCBuildConfiguration;
			buildSettings = {
				ASSETCATALOG_COMPILER_APPICON_NAME = AppIcon;
				CODE_SIGN_STYLE = Automatic;
				INFOPLIST_FILE = sideMenututorial/Info.plist;
				LD_RUNPATH_SEARCH_PATHS = (
					"$(inherited)",
					"@executable_path/Frameworks",
				);
				PRODUCT_BUNDLE_IDENTIFIER = "com-jemarlebanks.sideMenututorial";
				PRODUCT_NAME = "$(TARGET_NAME)";
				SWIFT_VERSION = 4.2;
				TARGETED_DEVICE_FAMILY = "1,2";
			};
			name = Debug;
		};
		0374E4B222E0785100AA7943 /* Release */ = {
			isa = XCBuildConfiguration;
			buildSettings = {
				ASSETCATALOG_COMPILER_APPICON_NAME = AppIcon;
				CODE_SIGN_STYLE = Automatic;
				INFOPLIST_FILE = sideMenututorial/Info.plist;
				LD_RUNPATH_SEARCH_PATHS = (
					"$(inherited)",
					"@executable_path/Frameworks",
				);
				PRODUCT_BUNDLE_IDENTIFIER = "com-jemarlebanks.sideMenututorial";
				PRODUCT_NAME = "$(TARGET_NAME)";
				SWIFT_VERSION = 4.2;
				TARGETED_DEVICE_FAMILY = "1,2";
			};
			name = Release;
		};
/* End XCBuildConfiguration section */

/* Begin XCConfigurationList section */
		0374E49922E0784F00AA7943 /* Build configuration list for PBXProject "sideMenututorial" */ = {
			isa = XCConfigurationList;
			buildConfigurations = (
				0374E4AE22E0785100AA7943 /* Debug */,
				0374E4AF22E0785100AA7943 /* Release */,
			);
			defaultConfigurationIsVisible = 0;
			defaultConfigurationName = Release;
		};
		0374E4B022E0785100AA7943 /* Build configuration list for PBXNativeTarget "sideMenututorial" */ = {
			isa = XCConfigurationList;
			buildConfigurations = (
				0374E4B122E0785100AA7943 /* Debug */,
				0374E4B222E0785100AA7943 /* Release */,
			);
			defaultConfigurationIsVisible = 0;
			defaultConfigurationName = Release;
		};
/* End XCConfigurationList section */
	};
	rootObject = 0374E49622E0784F00AA7943 /* Project object */;
}
